// !$*UTF8*$!
{
	archiveVersion = 1;
	classes = {
	};
	objectVersion = 56;
	objects = {

/* Begin PBXBuildFile section */
		301D88452A30E68C0007C461 /* CandleLightningView.swift in Sources */ = {isa = PBXBuildFile; fileRef = 301D88442A30E68C0007C461 /* CandleLightningView.swift */; };
		301D88472A30E93F0007C461 /* LightTheCandleButtonView.swift in Sources */ = {isa = PBXBuildFile; fileRef = 301D88462A30E93F0007C461 /* LightTheCandleButtonView.swift */; };
		3037A0832A2F52AF00986F7D /* HomeView.swift in Sources */ = {isa = PBXBuildFile; fileRef = 3037A0822A2F52AF00986F7D /* HomeView.swift */; };
		3037A0852A2F52C000986F7D /* StoneProfileView.swift in Sources */ = {isa = PBXBuildFile; fileRef = 3037A0842A2F52C000986F7D /* StoneProfileView.swift */; };
		3037A0872A2F52D700986F7D /* MapView.swift in Sources */ = {isa = PBXBuildFile; fileRef = 3037A0862A2F52D700986F7D /* MapView.swift */; };
		3037A0892A2F52E100986F7D /* FaqView.swift in Sources */ = {isa = PBXBuildFile; fileRef = 3037A0882A2F52E100986F7D /* FaqView.swift */; };
		3037A08B2A2F52FA00986F7D /* UserProfileView.swift in Sources */ = {isa = PBXBuildFile; fileRef = 3037A08A2A2F52FA00986F7D /* UserProfileView.swift */; };
		3088280F2A35CCDC00014B79 /* OpenAISwift in Frameworks */ = {isa = PBXBuildFile; productRef = 3088280E2A35CCDC00014B79 /* OpenAISwift */; };
		308828112A35D46500014B79 /* Secret.swift in Sources */ = {isa = PBXBuildFile; fileRef = 308828102A35D46500014B79 /* Secret.swift */; };
		30BD5E662A31E18A000C3384 /* PlayStoryButtonView.swift in Sources */ = {isa = PBXBuildFile; fileRef = 30BD5E652A31E18A000C3384 /* PlayStoryButtonView.swift */; };
		30BD5E682A31E199000C3384 /* ProfileCandleLightningView.swift in Sources */ = {isa = PBXBuildFile; fileRef = 30BD5E672A31E199000C3384 /* ProfileCandleLightningView.swift */; };
		756F84A72A31C7D000199B14 /* LoadingView.swift in Sources */ = {isa = PBXBuildFile; fileRef = 756F84A62A31C7D000199B14 /* LoadingView.swift */; };
		756F84B82A38854E00199B14 /* Localizable.strings in Resources */ = {isa = PBXBuildFile; fileRef = 756F84BA2A38854E00199B14 /* Localizable.strings */; };
		756F84C02A3890F700199B14 /* LanguageManager.swift in Sources */ = {isa = PBXBuildFile; fileRef = 756F84BF2A3890F700199B14 /* LanguageManager.swift */; };
		756F84C32A3CC24100199B14 /* SDWebImageSwiftUI in Frameworks */ = {isa = PBXBuildFile; productRef = 756F84C22A3CC24100199B14 /* SDWebImageSwiftUI */; };
		756F84C62A3CCEB500199B14 /* gifloader.swift in Sources */ = {isa = PBXBuildFile; fileRef = 756F84C52A3CCEB500199B14 /* gifloader.swift */; };
		F92EAA0C2A2F406100C3F1F3 /* StolpersteineApp.swift in Sources */ = {isa = PBXBuildFile; fileRef = F92EAA0B2A2F406100C3F1F3 /* StolpersteineApp.swift */; };
		F92EAA0E2A2F406100C3F1F3 /* ContentView.swift in Sources */ = {isa = PBXBuildFile; fileRef = F92EAA0D2A2F406100C3F1F3 /* ContentView.swift */; };
		F92EAA102A2F406300C3F1F3 /* Assets.xcassets in Resources */ = {isa = PBXBuildFile; fileRef = F92EAA0F2A2F406300C3F1F3 /* Assets.xcassets */; };
		F92EAA132A2F406300C3F1F3 /* Preview Assets.xcassets in Resources */ = {isa = PBXBuildFile; fileRef = F92EAA122A2F406300C3F1F3 /* Preview Assets.xcassets */; };
/* End PBXBuildFile section */

/* Begin PBXFileReference section */
		301D88442A30E68C0007C461 /* CandleLightningView.swift */ = {isa = PBXFileReference; lastKnownFileType = sourcecode.swift; path = CandleLightningView.swift; sourceTree = "<group>"; };
		301D88462A30E93F0007C461 /* LightTheCandleButtonView.swift */ = {isa = PBXFileReference; lastKnownFileType = sourcecode.swift; path = LightTheCandleButtonView.swift; sourceTree = "<group>"; };
		3037A0822A2F52AF00986F7D /* HomeView.swift */ = {isa = PBXFileReference; lastKnownFileType = sourcecode.swift; path = HomeView.swift; sourceTree = "<group>"; };
		3037A0842A2F52C000986F7D /* StoneProfileView.swift */ = {isa = PBXFileReference; lastKnownFileType = sourcecode.swift; path = StoneProfileView.swift; sourceTree = "<group>"; };
		3037A0862A2F52D700986F7D /* MapView.swift */ = {isa = PBXFileReference; lastKnownFileType = sourcecode.swift; path = MapView.swift; sourceTree = "<group>"; };
		3037A0882A2F52E100986F7D /* FaqView.swift */ = {isa = PBXFileReference; lastKnownFileType = sourcecode.swift; path = FaqView.swift; sourceTree = "<group>"; };
		3037A08A2A2F52FA00986F7D /* UserProfileView.swift */ = {isa = PBXFileReference; lastKnownFileType = sourcecode.swift; path = UserProfileView.swift; sourceTree = "<group>"; };
		308828102A35D46500014B79 /* Secret.swift */ = {isa = PBXFileReference; lastKnownFileType = sourcecode.swift; path = Secret.swift; sourceTree = "<group>"; };
		30BD5E652A31E18A000C3384 /* PlayStoryButtonView.swift */ = {isa = PBXFileReference; fileEncoding = 4; lastKnownFileType = sourcecode.swift; path = PlayStoryButtonView.swift; sourceTree = "<group>"; };
		30BD5E672A31E199000C3384 /* ProfileCandleLightningView.swift */ = {isa = PBXFileReference; fileEncoding = 4; lastKnownFileType = sourcecode.swift; path = ProfileCandleLightningView.swift; sourceTree = "<group>"; };
		756F84A62A31C7D000199B14 /* LoadingView.swift */ = {isa = PBXFileReference; lastKnownFileType = sourcecode.swift; path = LoadingView.swift; sourceTree = "<group>"; };
		756F84B92A38854E00199B14 /* en */ = {isa = PBXFileReference; lastKnownFileType = text.plist.strings; name = en; path = en.lproj/Localizable.strings; sourceTree = "<group>"; };
		756F84BD2A38858800199B14 /* nl */ = {isa = PBXFileReference; lastKnownFileType = text.plist.strings; name = nl; path = nl.lproj/Localizable.strings; sourceTree = "<group>"; };
		756F84BE2A38859F00199B14 /* fr */ = {isa = PBXFileReference; lastKnownFileType = text.plist.strings; name = fr; path = fr.lproj/Localizable.strings; sourceTree = "<group>"; };
		756F84BF2A3890F700199B14 /* LanguageManager.swift */ = {isa = PBXFileReference; lastKnownFileType = sourcecode.swift; path = LanguageManager.swift; sourceTree = "<group>"; };
		756F84C52A3CCEB500199B14 /* gifloader.swift */ = {isa = PBXFileReference; lastKnownFileType = sourcecode.swift; path = gifloader.swift; sourceTree = "<group>"; };
		F92EAA082A2F406100C3F1F3 /* Stolpersteine.app */ = {isa = PBXFileReference; explicitFileType = wrapper.application; includeInIndex = 0; path = Stolpersteine.app; sourceTree = BUILT_PRODUCTS_DIR; };
		F92EAA0B2A2F406100C3F1F3 /* StolpersteineApp.swift */ = {isa = PBXFileReference; lastKnownFileType = sourcecode.swift; path = StolpersteineApp.swift; sourceTree = "<group>"; };
		F92EAA0D2A2F406100C3F1F3 /* ContentView.swift */ = {isa = PBXFileReference; lastKnownFileType = sourcecode.swift; path = ContentView.swift; sourceTree = "<group>"; };
		F92EAA0F2A2F406300C3F1F3 /* Assets.xcassets */ = {isa = PBXFileReference; lastKnownFileType = folder.assetcatalog; path = Assets.xcassets; sourceTree = "<group>"; };
		F92EAA122A2F406300C3F1F3 /* Preview Assets.xcassets */ = {isa = PBXFileReference; lastKnownFileType = folder.assetcatalog; path = "Preview Assets.xcassets"; sourceTree = "<group>"; };
/* End PBXFileReference section */

/* Begin PBXFrameworksBuildPhase section */
		F92EAA052A2F406100C3F1F3 /* Frameworks */ = {
			isa = PBXFrameworksBuildPhase;
			buildActionMask = 2147483647;
			files = (
				756F84C32A3CC24100199B14 /* SDWebImageSwiftUI in Frameworks */,
				3088280F2A35CCDC00014B79 /* OpenAISwift in Frameworks */,
			);
			runOnlyForDeploymentPostprocessing = 0;
		};
/* End PBXFrameworksBuildPhase section */

/* Begin PBXGroup section */
		301D88432A30E6690007C461 /* Components */ = {
			isa = PBXGroup;
			children = (
				301D88442A30E68C0007C461 /* CandleLightningView.swift */,
				30BD5E672A31E199000C3384 /* ProfileCandleLightningView.swift */,
				30BD5E652A31E18A000C3384 /* PlayStoryButtonView.swift */,
				301D88462A30E93F0007C461 /* LightTheCandleButtonView.swift */,
				756F84A62A31C7D000199B14 /* LoadingView.swift */,
				756F84BA2A38854E00199B14 /* Localizable.strings */,
			);
			path = Components;
			sourceTree = "<group>";
		};
		F92EA9FF2A2F406100C3F1F3 = {
			isa = PBXGroup;
			children = (
				756F84BF2A3890F700199B14 /* LanguageManager.swift */,
				F92EAA0A2A2F406100C3F1F3 /* Stolpersteine */,
				F92EAA092A2F406100C3F1F3 /* Products */,
			);
			sourceTree = "<group>";
		};
		F92EAA092A2F406100C3F1F3 /* Products */ = {
			isa = PBXGroup;
			children = (
				F92EAA082A2F406100C3F1F3 /* Stolpersteine.app */,
			);
			name = Products;
			sourceTree = "<group>";
		};
		F92EAA0A2A2F406100C3F1F3 /* Stolpersteine */ = {
			isa = PBXGroup;
			children = (
				301D88432A30E6690007C461 /* Components */,
				F92EAA0B2A2F406100C3F1F3 /* StolpersteineApp.swift */,
				F92EAA0D2A2F406100C3F1F3 /* ContentView.swift */,
				3037A0822A2F52AF00986F7D /* HomeView.swift */,
				3037A0842A2F52C000986F7D /* StoneProfileView.swift */,
				756F84C52A3CCEB500199B14 /* gifloader.swift */,
				308828102A35D46500014B79 /* Secret.swift */,
				3037A0862A2F52D700986F7D /* MapView.swift */,
				3037A0882A2F52E100986F7D /* FaqView.swift */,
				3037A08A2A2F52FA00986F7D /* UserProfileView.swift */,
				F92EAA0F2A2F406300C3F1F3 /* Assets.xcassets */,
				F92EAA112A2F406300C3F1F3 /* Preview Content */,
			);
			path = Stolpersteine;
			sourceTree = "<group>";
		};
		F92EAA112A2F406300C3F1F3 /* Preview Content */ = {
			isa = PBXGroup;
			children = (
				F92EAA122A2F406300C3F1F3 /* Preview Assets.xcassets */,
			);
			path = "Preview Content";
			sourceTree = "<group>";
		};
/* End PBXGroup section */

/* Begin PBXNativeTarget section */
		F92EAA072A2F406100C3F1F3 /* Stolpersteine */ = {
			isa = PBXNativeTarget;
			buildConfigurationList = F92EAA162A2F406300C3F1F3 /* Build configuration list for PBXNativeTarget "Stolpersteine" */;
			buildPhases = (
				F92EAA042A2F406100C3F1F3 /* Sources */,
				F92EAA052A2F406100C3F1F3 /* Frameworks */,
				F92EAA062A2F406100C3F1F3 /* Resources */,
			);
			buildRules = (
			);
			dependencies = (
			);
			name = Stolpersteine;
			packageProductDependencies = (
				3088280E2A35CCDC00014B79 /* OpenAISwift */,
				756F84C22A3CC24100199B14 /* SDWebImageSwiftUI */,
			);
			productName = Stolpersteine;
			productReference = F92EAA082A2F406100C3F1F3 /* Stolpersteine.app */;
			productType = "com.apple.product-type.application";
		};
/* End PBXNativeTarget section */

/* Begin PBXProject section */
		F92EAA002A2F406100C3F1F3 /* Project object */ = {
			isa = PBXProject;
			attributes = {
				BuildIndependentTargetsInParallel = 1;
				LastSwiftUpdateCheck = 1430;
				LastUpgradeCheck = 1430;
				TargetAttributes = {
					F92EAA072A2F406100C3F1F3 = {
						CreatedOnToolsVersion = 14.3;
					};
				};
			};
			buildConfigurationList = F92EAA032A2F406100C3F1F3 /* Build configuration list for PBXProject "Stolpersteine" */;
			compatibilityVersion = "Xcode 14.0";
			developmentRegion = en;
			hasScannedForEncodings = 0;
			knownRegions = (
				en,
				Base,
				nl,
				fr,
			);
			mainGroup = F92EA9FF2A2F406100C3F1F3;
			packageReferences = (
				3088280D2A35CCDC00014B79 /* XCRemoteSwiftPackageReference "OpenAISwift" */,
				756F84C12A3CC24100199B14 /* XCRemoteSwiftPackageReference "SDWebImageSwiftUI" */,
				756F84C82A3CD25200199B14 /* XCRemoteSwiftPackageReference "JellyGif" */,
			);
			productRefGroup = F92EAA092A2F406100C3F1F3 /* Products */;
			projectDirPath = "";
			projectRoot = "";
			targets = (
				F92EAA072A2F406100C3F1F3 /* Stolpersteine */,
			);
		};
/* End PBXProject section */

/* Begin PBXResourcesBuildPhase section */
		F92EAA062A2F406100C3F1F3 /* Resources */ = {
			isa = PBXResourcesBuildPhase;
			buildActionMask = 2147483647;
			files = (
				F92EAA132A2F406300C3F1F3 /* Preview Assets.xcassets in Resources */,
				756F84B82A38854E00199B14 /* Localizable.strings in Resources */,
				F92EAA102A2F406300C3F1F3 /* Assets.xcassets in Resources */,
			);
			runOnlyForDeploymentPostprocessing = 0;
		};
/* End PBXResourcesBuildPhase section */

/* Begin PBXSourcesBuildPhase section */
		F92EAA042A2F406100C3F1F3 /* Sources */ = {
			isa = PBXSourcesBuildPhase;
			buildActionMask = 2147483647;
			files = (
				3037A08B2A2F52FA00986F7D /* UserProfileView.swift in Sources */,
				756F84C02A3890F700199B14 /* LanguageManager.swift in Sources */,
				3037A0832A2F52AF00986F7D /* HomeView.swift in Sources */,
				301D88452A30E68C0007C461 /* CandleLightningView.swift in Sources */,
				756F84C62A3CCEB500199B14 /* gifloader.swift in Sources */,
				756F84A72A31C7D000199B14 /* LoadingView.swift in Sources */,
				F92EAA0E2A2F406100C3F1F3 /* ContentView.swift in Sources */,
				3037A0872A2F52D700986F7D /* MapView.swift in Sources */,
				3037A0892A2F52E100986F7D /* FaqView.swift in Sources */,
				30BD5E662A31E18A000C3384 /* PlayStoryButtonView.swift in Sources */,
				30BD5E682A31E199000C3384 /* ProfileCandleLightningView.swift in Sources */,
				308828112A35D46500014B79 /* Secret.swift in Sources */,
				3037A0852A2F52C000986F7D /* StoneProfileView.swift in Sources */,
				F92EAA0C2A2F406100C3F1F3 /* StolpersteineApp.swift in Sources */,
				301D88472A30E93F0007C461 /* LightTheCandleButtonView.swift in Sources */,
			);
			runOnlyForDeploymentPostprocessing = 0;
		};
/* End PBXSourcesBuildPhase section */

/* Begin PBXVariantGroup section */
		756F84BA2A38854E00199B14 /* Localizable.strings */ = {
			isa = PBXVariantGroup;
			children = (
				756F84B92A38854E00199B14 /* en */,
				756F84BD2A38858800199B14 /* nl */,
				756F84BE2A38859F00199B14 /* fr */,
			);
			name = Localizable.strings;
			sourceTree = "<group>";
		};
/* End PBXVariantGroup section */

/* Begin XCBuildConfiguration section */
		F92EAA142A2F406300C3F1F3 /* Debug */ = {
			isa = XCBuildConfiguration;
			buildSettings = {
				ALWAYS_SEARCH_USER_PATHS = NO;
				CLANG_ANALYZER_LOCALIZABILITY_NONLOCALIZED = YES;
				CLANG_ANALYZER_NONNULL = YES;
				CLANG_ANALYZER_NUMBER_OBJECT_CONVERSION = YES_AGGRESSIVE;
				CLANG_CXX_LANGUAGE_STANDARD = "gnu++20";
				CLANG_ENABLE_MODULES = YES;
				CLANG_ENABLE_OBJC_ARC = YES;
				CLANG_ENABLE_OBJC_WEAK = YES;
				CLANG_WARN_BLOCK_CAPTURE_AUTORELEASING = YES;
				CLANG_WARN_BOOL_CONVERSION = YES;
				CLANG_WARN_COMMA = YES;
				CLANG_WARN_CONSTANT_CONVERSION = YES;
				CLANG_WARN_DEPRECATED_OBJC_IMPLEMENTATIONS = YES;
				CLANG_WARN_DIRECT_OBJC_ISA_USAGE = YES_ERROR;
				CLANG_WARN_DOCUMENTATION_COMMENTS = YES;
				CLANG_WARN_EMPTY_BODY = YES;
				CLANG_WARN_ENUM_CONVERSION = YES;
				CLANG_WARN_INFINITE_RECURSION = YES;
				CLANG_WARN_INT_CONVERSION = YES;
				CLANG_WARN_NON_LITERAL_NULL_CONVERSION = YES;
				CLANG_WARN_OBJC_IMPLICIT_RETAIN_SELF = YES;
				CLANG_WARN_OBJC_LITERAL_CONVERSION = YES;
				CLANG_WARN_OBJC_ROOT_CLASS = YES_ERROR;
				CLANG_WARN_QUOTED_INCLUDE_IN_FRAMEWORK_HEADER = YES;
				CLANG_WARN_RANGE_LOOP_ANALYSIS = YES;
				CLANG_WARN_STRICT_PROTOTYPES = YES;
				CLANG_WARN_SUSPICIOUS_MOVE = YES;
				CLANG_WARN_UNGUARDED_AVAILABILITY = YES_AGGRESSIVE;
				CLANG_WARN_UNREACHABLE_CODE = YES;
				CLANG_WARN__DUPLICATE_METHOD_MATCH = YES;
				COPY_PHASE_STRIP = NO;
				DEBUG_INFORMATION_FORMAT = dwarf;
				ENABLE_STRICT_OBJC_MSGSEND = YES;
				ENABLE_TESTABILITY = YES;
				GCC_C_LANGUAGE_STANDARD = gnu11;
				GCC_DYNAMIC_NO_PIC = NO;
				GCC_NO_COMMON_BLOCKS = YES;
				GCC_OPTIMIZATION_LEVEL = 0;
				GCC_PREPROCESSOR_DEFINITIONS = (
					"DEBUG=1",
					"$(inherited)",
				);
				GCC_WARN_64_TO_32_BIT_CONVERSION = YES;
				GCC_WARN_ABOUT_RETURN_TYPE = YES_ERROR;
				GCC_WARN_UNDECLARED_SELECTOR = YES;
				GCC_WARN_UNINITIALIZED_AUTOS = YES_AGGRESSIVE;
				GCC_WARN_UNUSED_FUNCTION = YES;
				GCC_WARN_UNUSED_VARIABLE = YES;
				IPHONEOS_DEPLOYMENT_TARGET = 16.4;
				MTL_ENABLE_DEBUG_INFO = INCLUDE_SOURCE;
				MTL_FAST_MATH = YES;
				ONLY_ACTIVE_ARCH = YES;
				SDKROOT = iphoneos;
				SWIFT_ACTIVE_COMPILATION_CONDITIONS = DEBUG;
				SWIFT_OPTIMIZATION_LEVEL = "-Onone";
			};
			name = Debug;
		};
		F92EAA152A2F406300C3F1F3 /* Release */ = {
			isa = XCBuildConfiguration;
			buildSettings = {
				ALWAYS_SEARCH_USER_PATHS = NO;
				CLANG_ANALYZER_LOCALIZABILITY_NONLOCALIZED = YES;
				CLANG_ANALYZER_NONNULL = YES;
				CLANG_ANALYZER_NUMBER_OBJECT_CONVERSION = YES_AGGRESSIVE;
				CLANG_CXX_LANGUAGE_STANDARD = "gnu++20";
				CLANG_ENABLE_MODULES = YES;
				CLANG_ENABLE_OBJC_ARC = YES;
				CLANG_ENABLE_OBJC_WEAK = YES;
				CLANG_WARN_BLOCK_CAPTURE_AUTORELEASING = YES;
				CLANG_WARN_BOOL_CONVERSION = YES;
				CLANG_WARN_COMMA = YES;
				CLANG_WARN_CONSTANT_CONVERSION = YES;
				CLANG_WARN_DEPRECATED_OBJC_IMPLEMENTATIONS = YES;
				CLANG_WARN_DIRECT_OBJC_ISA_USAGE = YES_ERROR;
				CLANG_WARN_DOCUMENTATION_COMMENTS = YES;
				CLANG_WARN_EMPTY_BODY = YES;
				CLANG_WARN_ENUM_CONVERSION = YES;
				CLANG_WARN_INFINITE_RECURSION = YES;
				CLANG_WARN_INT_CONVERSION = YES;
				CLANG_WARN_NON_LITERAL_NULL_CONVERSION = YES;
				CLANG_WARN_OBJC_IMPLICIT_RETAIN_SELF = YES;
				CLANG_WARN_OBJC_LITERAL_CONVERSION = YES;
				CLANG_WARN_OBJC_ROOT_CLASS = YES_ERROR;
				CLANG_WARN_QUOTED_INCLUDE_IN_FRAMEWORK_HEADER = YES;
				CLANG_WARN_RANGE_LOOP_ANALYSIS = YES;
				CLANG_WARN_STRICT_PROTOTYPES = YES;
				CLANG_WARN_SUSPICIOUS_MOVE = YES;
				CLANG_WARN_UNGUARDED_AVAILABILITY = YES_AGGRESSIVE;
				CLANG_WARN_UNREACHABLE_CODE = YES;
				CLANG_WARN__DUPLICATE_METHOD_MATCH = YES;
				COPY_PHASE_STRIP = NO;
				DEBUG_INFORMATION_FORMAT = "dwarf-with-dsym";
				ENABLE_NS_ASSERTIONS = NO;
				ENABLE_STRICT_OBJC_MSGSEND = YES;
				GCC_C_LANGUAGE_STANDARD = gnu11;
				GCC_NO_COMMON_BLOCKS = YES;
				GCC_WARN_64_TO_32_BIT_CONVERSION = YES;
				GCC_WARN_ABOUT_RETURN_TYPE = YES_ERROR;
				GCC_WARN_UNDECLARED_SELECTOR = YES;
				GCC_WARN_UNINITIALIZED_AUTOS = YES_AGGRESSIVE;
				GCC_WARN_UNUSED_FUNCTION = YES;
				GCC_WARN_UNUSED_VARIABLE = YES;
				IPHONEOS_DEPLOYMENT_TARGET = 16.4;
				MTL_ENABLE_DEBUG_INFO = NO;
				MTL_FAST_MATH = YES;
				SDKROOT = iphoneos;
				SWIFT_COMPILATION_MODE = wholemodule;
				SWIFT_OPTIMIZATION_LEVEL = "-O";
				VALIDATE_PRODUCT = YES;
			};
			name = Release;
		};
		F92EAA172A2F406300C3F1F3 /* Debug */ = {
			isa = XCBuildConfiguration;
			buildSettings = {
				ASSETCATALOG_COMPILER_APPICON_NAME = AppIcon;
				ASSETCATALOG_COMPILER_GLOBAL_ACCENT_COLOR_NAME = AccentColor;
				CODE_SIGN_STYLE = Automatic;
				CURRENT_PROJECT_VERSION = 1;
				DEVELOPMENT_ASSET_PATHS = "\"Stolpersteine/Preview Content\"";
				DEVELOPMENT_TEAM = 4DU4YJ8HLU;
				ENABLE_PREVIEWS = YES;
				GENERATE_INFOPLIST_FILE = YES;
				INFOPLIST_KEY_UIApplicationSceneManifest_Generation = YES;
				INFOPLIST_KEY_UIApplicationSupportsIndirectInputEvents = YES;
				INFOPLIST_KEY_UILaunchScreen_Generation = YES;
				INFOPLIST_KEY_UISupportedInterfaceOrientations_iPad = "UIInterfaceOrientationPortrait UIInterfaceOrientationPortraitUpsideDown UIInterfaceOrientationLandscapeLeft UIInterfaceOrientationLandscapeRight";
				INFOPLIST_KEY_UISupportedInterfaceOrientations_iPhone = "UIInterfaceOrientationPortrait UIInterfaceOrientationLandscapeLeft UIInterfaceOrientationLandscapeRight";
				IPHONEOS_DEPLOYMENT_TARGET = 16.0;
				LD_RUNPATH_SEARCH_PATHS = (
					"$(inherited)",
					"@executable_path/Frameworks",
				);
				MARKETING_VERSION = 1.0;
				PRODUCT_BUNDLE_IDENTIFIER = com.example.Stolpersteine;
				PRODUCT_NAME = "$(TARGET_NAME)";
				SWIFT_EMIT_LOC_STRINGS = YES;
				SWIFT_VERSION = 5.0;
				TARGETED_DEVICE_FAMILY = "1,2";
			};
			name = Debug;
		};
		F92EAA182A2F406300C3F1F3 /* Release */ = {
			isa = XCBuildConfiguration;
			buildSettings = {
				ASSETCATALOG_COMPILER_APPICON_NAME = AppIcon;
				ASSETCATALOG_COMPILER_GLOBAL_ACCENT_COLOR_NAME = AccentColor;
				CODE_SIGN_STYLE = Automatic;
				CURRENT_PROJECT_VERSION = 1;
				DEVELOPMENT_ASSET_PATHS = "\"Stolpersteine/Preview Content\"";
				DEVELOPMENT_TEAM = 4DU4YJ8HLU;
				ENABLE_PREVIEWS = YES;
				GENERATE_INFOPLIST_FILE = YES;
				INFOPLIST_KEY_UIApplicationSceneManifest_Generation = YES;
				INFOPLIST_KEY_UIApplicationSupportsIndirectInputEvents = YES;
				INFOPLIST_KEY_UILaunchScreen_Generation = YES;
				INFOPLIST_KEY_UISupportedInterfaceOrientations_iPad = "UIInterfaceOrientationPortrait UIInterfaceOrientationPortraitUpsideDown UIInterfaceOrientationLandscapeLeft UIInterfaceOrientationLandscapeRight";
				INFOPLIST_KEY_UISupportedInterfaceOrientations_iPhone = "UIInterfaceOrientationPortrait UIInterfaceOrientationLandscapeLeft UIInterfaceOrientationLandscapeRight";
				IPHONEOS_DEPLOYMENT_TARGET = 16.0;
				LD_RUNPATH_SEARCH_PATHS = (
					"$(inherited)",
					"@executable_path/Frameworks",
				);
				MARKETING_VERSION = 1.0;
				PRODUCT_BUNDLE_IDENTIFIER = com.example.Stolpersteine;
				PRODUCT_NAME = "$(TARGET_NAME)";
				SWIFT_EMIT_LOC_STRINGS = YES;
				SWIFT_VERSION = 5.0;
				TARGETED_DEVICE_FAMILY = "1,2";
			};
			name = Release;
		};
/* End XCBuildConfiguration section */

/* Begin XCConfigurationList section */
		F92EAA032A2F406100C3F1F3 /* Build configuration list for PBXProject "Stolpersteine" */ = {
			isa = XCConfigurationList;
			buildConfigurations = (
				F92EAA142A2F406300C3F1F3 /* Debug */,
				F92EAA152A2F406300C3F1F3 /* Release */,
			);
			defaultConfigurationIsVisible = 0;
			defaultConfigurationName = Release;
		};
		F92EAA162A2F406300C3F1F3 /* Build configuration list for PBXNativeTarget "Stolpersteine" */ = {
			isa = XCConfigurationList;
			buildConfigurations = (
				F92EAA172A2F406300C3F1F3 /* Debug */,
				F92EAA182A2F406300C3F1F3 /* Release */,
			);
			defaultConfigurationIsVisible = 0;
			defaultConfigurationName = Release;
		};
/* End XCConfigurationList section */

/* Begin XCRemoteSwiftPackageReference section */
		3088280D2A35CCDC00014B79 /* XCRemoteSwiftPackageReference "OpenAISwift" */ = {
			isa = XCRemoteSwiftPackageReference;
			repositoryURL = "https://github.com/adamrushy/OpenAISwift";
			requirement = {
				kind = upToNextMajorVersion;
				minimumVersion = 1.0.0;
			};
		};
		756F84C12A3CC24100199B14 /* XCRemoteSwiftPackageReference "SDWebImageSwiftUI" */ = {
			isa = XCRemoteSwiftPackageReference;
			repositoryURL = "https://github.com/SDWebImage/SDWebImageSwiftUI.git";
			requirement = {
				kind = upToNextMajorVersion;
				minimumVersion = 2.0.0;
			};
		};
		756F84C82A3CD25200199B14 /* XCRemoteSwiftPackageReference "JellyGif" */ = {
			isa = XCRemoteSwiftPackageReference;
			repositoryURL = "https://github.com/TaLinh/JellyGif.git";
			requirement = {
				branch = master;
				kind = branch;
			};
		};
/* End XCRemoteSwiftPackageReference section */

/* Begin XCSwiftPackageProductDependency section */
		3088280E2A35CCDC00014B79 /* OpenAISwift */ = {
			isa = XCSwiftPackageProductDependency;
			package = 3088280D2A35CCDC00014B79 /* XCRemoteSwiftPackageReference "OpenAISwift" */;
			productName = OpenAISwift;
		};
		756F84C22A3CC24100199B14 /* SDWebImageSwiftUI */ = {
			isa = XCSwiftPackageProductDependency;
			package = 756F84C12A3CC24100199B14 /* XCRemoteSwiftPackageReference "SDWebImageSwiftUI" */;
			productName = SDWebImageSwiftUI;
		};
/* End XCSwiftPackageProductDependency section */
	};
	rootObject = F92EAA002A2F406100C3F1F3 /* Project object */;
}
